// !$*UTF8*$!
{
	archiveVersion = 1;
	classes = {
	};
	objectVersion = 46;
	objects = {

/* Begin PBXBuildFile section */
		F6E820361B941F85003E599E /* AppDelegate.swift in Sources */ = {isa = PBXBuildFile; fileRef = F6E820351B941F85003E599E /* AppDelegate.swift */; };
		F6E8203B1B941F85003E599E /* Main.storyboard in Resources */ = {isa = PBXBuildFile; fileRef = F6E820391B941F85003E599E /* Main.storyboard */; };
		F6E8203D1B941F85003E599E /* Images.xcassets in Resources */ = {isa = PBXBuildFile; fileRef = F6E8203C1B941F85003E599E /* Images.xcassets */; };
		F6E820401B941F85003E599E /* LaunchScreen.xib in Resources */ = {isa = PBXBuildFile; fileRef = F6E8203E1B941F85003E599E /* LaunchScreen.xib */; };
		F6E8204C1B941F86003E599E /* BreakoutTests.swift in Sources */ = {isa = PBXBuildFile; fileRef = F6E8204B1B941F86003E599E /* BreakoutTests.swift */; };
		F6E820561B941FEC003E599E /* BreakoutViewController.swift in Sources */ = {isa = PBXBuildFile; fileRef = F6E820551B941FEC003E599E /* BreakoutViewController.swift */; };
		F6E820581B94209A003E599E /* BezierPathsView.swift in Sources */ = {isa = PBXBuildFile; fileRef = F6E820571B94209A003E599E /* BezierPathsView.swift */; };
		F6E8205A1B944602003E599E /* BreakoutBehavior.swift in Sources */ = {isa = PBXBuildFile; fileRef = F6E820591B944602003E599E /* BreakoutBehavior.swift */; };
		F6EAB9F81B9DCF8B008E445E /* UserDefaults.swift in Sources */ = {isa = PBXBuildFile; fileRef = F6EAB9F71B9DCF8B008E445E /* UserDefaults.swift */; };
		F6EAB9FA1B9DD719008E445E /* SettingsTableViewController.swift in Sources */ = {isa = PBXBuildFile; fileRef = F6EAB9F91B9DD719008E445E /* SettingsTableViewController.swift */; };
/* End PBXBuildFile section */

/* Begin PBXContainerItemProxy section */
		F6E820461B941F86003E599E /* PBXContainerItemProxy */ = {
			isa = PBXContainerItemProxy;
			containerPortal = F6E820281B941F85003E599E /* Project object */;
			proxyType = 1;
			remoteGlobalIDString = F6E8202F1B941F85003E599E;
			remoteInfo = Breakout;
		};
/* End PBXContainerItemProxy section */

/* Begin PBXFileReference section */
		F6E820301B941F85003E599E /* Breakout.app */ = {isa = PBXFileReference; explicitFileType = wrapper.application; includeInIndex = 0; path = Breakout.app; sourceTree = BUILT_PRODUCTS_DIR; };
		F6E820341B941F85003E599E /* Info.plist */ = {isa = PBXFileReference; lastKnownFileType = text.plist.xml; path = Info.plist; sourceTree = "<group>"; };
		F6E820351B941F85003E599E /* AppDelegate.swift */ = {isa = PBXFileReference; lastKnownFileType = sourcecode.swift; path = AppDelegate.swift; sourceTree = "<group>"; };
		F6E8203A1B941F85003E599E /* Base */ = {isa = PBXFileReference; lastKnownFileType = file.storyboard; name = Base; path = Base.lproj/Main.storyboard; sourceTree = "<group>"; };
		F6E8203C1B941F85003E599E /* Images.xcassets */ = {isa = PBXFileReference; lastKnownFileType = folder.assetcatalog; path = Images.xcassets; sourceTree = "<group>"; };
		F6E8203F1B941F85003E599E /* Base */ = {isa = PBXFileReference; lastKnownFileType = file.xib; name = Base; path = Base.lproj/LaunchScreen.xib; sourceTree = "<group>"; };
		F6E820451B941F86003E599E /* BreakoutTests.xctest */ = {isa = PBXFileReference; explicitFileType = wrapper.cfbundle; includeInIndex = 0; path = BreakoutTests.xctest; sourceTree = BUILT_PRODUCTS_DIR; };
		F6E8204A1B941F86003E599E /* Info.plist */ = {isa = PBXFileReference; lastKnownFileType = text.plist.xml; path = Info.plist; sourceTree = "<group>"; };
		F6E8204B1B941F86003E599E /* BreakoutTests.swift */ = {isa = PBXFileReference; lastKnownFileType = sourcecode.swift; path = BreakoutTests.swift; sourceTree = "<group>"; };
		F6E820551B941FEC003E599E /* BreakoutViewController.swift */ = {isa = PBXFileReference; fileEncoding = 4; lastKnownFileType = sourcecode.swift; path = BreakoutViewController.swift; sourceTree = "<group>"; };
		F6E820571B94209A003E599E /* BezierPathsView.swift */ = {isa = PBXFileReference; fileEncoding = 4; lastKnownFileType = sourcecode.swift; path = BezierPathsView.swift; sourceTree = "<group>"; };
		F6E820591B944602003E599E /* BreakoutBehavior.swift */ = {isa = PBXFileReference; fileEncoding = 4; lastKnownFileType = sourcecode.swift; path = BreakoutBehavior.swift; sourceTree = "<group>"; };
		F6EAB9F71B9DCF8B008E445E /* UserDefaults.swift */ = {isa = PBXFileReference; fileEncoding = 4; lastKnownFileType = sourcecode.swift; path = UserDefaults.swift; sourceTree = "<group>"; };
		F6EAB9F91B9DD719008E445E /* SettingsTableViewController.swift */ = {isa = PBXFileReference; fileEncoding = 4; lastKnownFileType = sourcecode.swift; path = SettingsTableViewController.swift; sourceTree = "<group>"; };
/* End PBXFileReference section */

/* Begin PBXFrameworksBuildPhase section */
		F6E8202D1B941F85003E599E /* Frameworks */ = {
			isa = PBXFrameworksBuildPhase;
			buildActionMask = 2147483647;
			files = (
			);
			runOnlyForDeploymentPostprocessing = 0;
		};
		F6E820421B941F86003E599E /* Frameworks */ = {
			isa = PBXFrameworksBuildPhase;
			buildActionMask = 2147483647;
			files = (
			);
			runOnlyForDeploymentPostprocessing = 0;
		};
/* End PBXFrameworksBuildPhase section */

/* Begin PBXGroup section */
		F6E820271B941F85003E599E = {
			isa = PBXGroup;
			children = (
				F6E820321B941F85003E599E /* Breakout */,
				F6E820481B941F86003E599E /* BreakoutTests */,
				F6E820311B941F85003E599E /* Products */,
			);
			sourceTree = "<group>";
		};
		F6E820311B941F85003E599E /* Products */ = {
			isa = PBXGroup;
			children = (
				F6E820301B941F85003E599E /* Breakout.app */,
				F6E820451B941F86003E599E /* BreakoutTests.xctest */,
			);
			name = Products;
			sourceTree = "<group>";
		};
		F6E820321B941F85003E599E /* Breakout */ = {
			isa = PBXGroup;
			children = (
				F6E820591B944602003E599E /* BreakoutBehavior.swift */,
				F6E820551B941FEC003E599E /* BreakoutViewController.swift */,
				F6E820571B94209A003E599E /* BezierPathsView.swift */,
				F6EAB9F71B9DCF8B008E445E /* UserDefaults.swift */,
				F6EAB9F91B9DD719008E445E /* SettingsTableViewController.swift */,
				F6E820391B941F85003E599E /* Main.storyboard */,
				F6E820331B941F85003E599E /* Supporting Files */,
			);
			path = Breakout;
			sourceTree = "<group>";
		};
		F6E820331B941F85003E599E /* Supporting Files */ = {
			isa = PBXGroup;
			children = (
				F6E8203E1B941F85003E599E /* LaunchScreen.xib */,
				F6E8203C1B941F85003E599E /* Images.xcassets */,
				F6E820351B941F85003E599E /* AppDelegate.swift */,
				F6E820341B941F85003E599E /* Info.plist */,
			);
			name = "Supporting Files";
			sourceTree = "<group>";
		};
		F6E820481B941F86003E599E /* BreakoutTests */ = {
			isa = PBXGroup;
			children = (
				F6E8204B1B941F86003E599E /* BreakoutTests.swift */,
				F6E820491B941F86003E599E /* Supporting Files */,
			);
			path = BreakoutTests;
			sourceTree = "<group>";
		};
		F6E820491B941F86003E599E /* Supporting Files */ = {
			isa = PBXGroup;
			children = (
				F6E8204A1B941F86003E599E /* Info.plist */,
			);
			name = "Supporting Files";
			sourceTree = "<group>";
		};
/* End PBXGroup section */

/* Begin PBXNativeTarget section */
		F6E8202F1B941F85003E599E /* Breakout */ = {
			isa = PBXNativeTarget;
			buildConfigurationList = F6E8204F1B941F86003E599E /* Build configuration list for PBXNativeTarget "Breakout" */;
			buildPhases = (
				F6E8202C1B941F85003E599E /* Sources */,
				F6E8202D1B941F85003E599E /* Frameworks */,
				F6E8202E1B941F85003E599E /* Resources */,
			);
			buildRules = (
			);
			dependencies = (
			);
			name = Breakout;
			productName = Breakout;
			productReference = F6E820301B941F85003E599E /* Breakout.app */;
			productType = "com.apple.product-type.application";
		};
		F6E820441B941F86003E599E /* BreakoutTests */ = {
			isa = PBXNativeTarget;
			buildConfigurationList = F6E820521B941F86003E599E /* Build configuration list for PBXNativeTarget "BreakoutTests" */;
			buildPhases = (
				F6E820411B941F86003E599E /* Sources */,
				F6E820421B941F86003E599E /* Frameworks */,
				F6E820431B941F86003E599E /* Resources */,
			);
			buildRules = (
			);
			dependencies = (
				F6E820471B941F86003E599E /* PBXTargetDependency */,
			);
			name = BreakoutTests;
			productName = BreakoutTests;
			productReference = F6E820451B941F86003E599E /* BreakoutTests.xctest */;
			productType = "com.apple.product-type.bundle.unit-test";
		};
/* End PBXNativeTarget section */

/* Begin PBXProject section */
		F6E820281B941F85003E599E /* Project object */ = {
			isa = PBXProject;
			attributes = {
				LastUpgradeCheck = 0640;
				ORGANIZATIONNAME = "Raphael Neuenschwander";
				TargetAttributes = {
					F6E8202F1B941F85003E599E = {
						CreatedOnToolsVersion = 6.4;
					};
					F6E820441B941F86003E599E = {
						CreatedOnToolsVersion = 6.4;
						TestTargetID = F6E8202F1B941F85003E599E;
					};
				};
			};
			buildConfigurationList = F6E8202B1B941F85003E599E /* Build configuration list for PBXProject "Breakout" */;
			compatibilityVersion = "Xcode 3.2";
			developmentRegion = English;
			hasScannedForEncodings = 0;
			knownRegions = (
				en,
				Base,
			);
			mainGroup = F6E820271B941F85003E599E;
			productRefGroup = F6E820311B941F85003E599E /* Products */;
			projectDirPath = "";
			projectRoot = "";
			targets = (
				F6E8202F1B941F85003E599E /* Breakout */,
				F6E820441B941F86003E599E /* BreakoutTests */,
			);
		};
/* End PBXProject section */

/* Begin PBXResourcesBuildPhase section */
		F6E8202E1B941F85003E599E /* Resources */ = {
			isa = PBXResourcesBuildPhase;
			buildActionMask = 2147483647;
			files = (
				F6E8203B1B941F85003E599E /* Main.storyboard in Resources */,
				F6E820401B941F85003E599E /* LaunchScreen.xib in Resources */,
				F6E8203D1B941F85003E599E /* Images.xcassets in Resources */,
			);
			runOnlyForDeploymentPostprocessing = 0;
		};
		F6E820431B941F86003E599E /* Resources */ = {
			isa = PBXResourcesBuildPhase;
			buildActionMask = 2147483647;
			files = (
			);
			runOnlyForDeploymentPostprocessing = 0;
		};
/* End PBXResourcesBuildPhase section */

/* Begin PBXSourcesBuildPhase section */
		F6E8202C1B941F85003E599E /* Sources */ = {
			isa = PBXSourcesBuildPhase;
			buildActionMask = 2147483647;
			files = (
				F6E820581B94209A003E599E /* BezierPathsView.swift in Sources */,
				F6EAB9F81B9DCF8B008E445E /* UserDefaults.swift in Sources */,
				F6EAB9FA1B9DD719008E445E /* SettingsTableViewController.swift in Sources */,
				F6E820361B941F85003E599E /* AppDelegate.swift in Sources */,
				F6E8205A1B944602003E599E /* BreakoutBehavior.swift in Sources */,
				F6E820561B941FEC003E599E /* BreakoutViewController.swift in Sources */,
			);
			runOnlyForDeploymentPostprocessing = 0;
		};
		F6E820411B941F86003E599E /* Sources */ = {
			isa = PBXSourcesBuildPhase;
			buildActionMask = 2147483647;
			files = (
				F6E8204C1B941F86003E599E /* BreakoutTests.swift in Sources */,
			);
			runOnlyForDeploymentPostprocessing = 0;
		};
/* End PBXSourcesBuildPhase section */

/* Begin PBXTargetDependency section */
		F6E820471B941F86003E599E /* PBXTargetDependency */ = {
			isa = PBXTargetDependency;
			target = F6E8202F1B941F85003E599E /* Breakout */;
			targetProxy = F6E820461B941F86003E599E /* PBXContainerItemProxy */;
		};
/* End PBXTargetDependency section */

/* Begin PBXVariantGroup section */
		F6E820391B941F85003E599E /* Main.storyboard */ = {
			isa = PBXVariantGroup;
			children = (
				F6E8203A1B941F85003E599E /* Base */,
			);
			name = Main.storyboard;
			sourceTree = "<group>";
		};
		F6E8203E1B941F85003E599E /* LaunchScreen.xib */ = {
			isa = PBXVariantGroup;
			children = (
				F6E8203F1B941F85003E599E /* Base */,
			);
			name = LaunchScreen.xib;
			sourceTree = "<group>";
		};
/* End PBXVariantGroup section */

/* Begin XCBuildConfiguration section */
		F6E8204D1B941F86003E599E /* Debug */ = {
			isa = XCBuildConfiguration;
			buildSettings = {
				ALWAYS_SEARCH_USER_PATHS = NO;
				CLANG_CXX_LANGUAGE_STANDARD = "gnu++0x";
				CLANG_CXX_LIBRARY = "libc++";
				CLANG_ENABLE_MODULES = YES;
				CLANG_ENABLE_OBJC_ARC = YES;
				CLANG_WARN_BOOL_CONVERSION = YES;
				CLANG_WARN_CONSTANT_CONVERSION = YES;
				CLANG_WARN_DIRECT_OBJC_ISA_USAGE = YES_ERROR;
				CLANG_WARN_EMPTY_BODY = YES;
				CLANG_WARN_ENUM_CONVERSION = YES;
				CLANG_WARN_INT_CONVERSION = YES;
				CLANG_WARN_OBJC_ROOT_CLASS = YES_ERROR;
				CLANG_WARN_UNREACHABLE_CODE = YES;
				CLANG_WARN__DUPLICATE_METHOD_MATCH = YES;
				"CODE_SIGN_IDENTITY[sdk=iphoneos*]" = "iPhone Developer";
				COPY_PHASE_STRIP = NO;
				DEBUG_INFORMATION_FORMAT = "dwarf-with-dsym";
				ENABLE_STRICT_OBJC_MSGSEND = YES;
				GCC_C_LANGUAGE_STANDARD = gnu99;
				GCC_DYNAMIC_NO_PIC = NO;
				GCC_NO_COMMON_BLOCKS = YES;
				GCC_OPTIMIZATION_LEVEL = 0;
				GCC_PREPROCESSOR_DEFINITIONS = (
					"DEBUG=1",
					"$(inherited)",
				);
				GCC_SYMBOLS_PRIVATE_EXTERN = NO;
				GCC_WARN_64_TO_32_BIT_CONVERSION = YES;
				GCC_WARN_ABOUT_RETURN_TYPE = YES_ERROR;
				GCC_WARN_UNDECLARED_SELECTOR = YES;
				GCC_WARN_UNINITIALIZED_AUTOS = YES_AGGRESSIVE;
				GCC_WARN_UNUSED_FUNCTION = YES;
				GCC_WARN_UNUSED_VARIABLE = YES;
				IPHONEOS_DEPLOYMENT_TARGET = 8.4;
				MTL_ENABLE_DEBUG_INFO = YES;
				ONLY_ACTIVE_ARCH = YES;
				SDKROOT = iphoneos;
				SWIFT_OPTIMIZATION_LEVEL = "-Onone";
				TARGETED_DEVICE_FAMILY = "1,2";
			};
			name = Debug;
		};
		F6E8204E1B941F86003E599E /* Release */ = {
			isa = XCBuildConfiguration;
			buildSettings = {
				ALWAYS_SEARCH_USER_PATHS = NO;
				CLANG_CXX_LANGUAGE_STANDARD = "gnu++0x";
				CLANG_CXX_LIBRARY = "libc++";
				CLANG_ENABLE_MODULES = YES;
				CLANG_ENABLE_OBJC_ARC = YES;
				CLANG_WARN_BOOL_CONVERSION = YES;
				CLANG_WARN_CONSTANT_CONVERSION = YES;
				CLANG_WARN_DIRECT_OBJC_ISA_USAGE = YES_ERROR;
				CLANG_WARN_EMPTY_BODY = YES;
				CLANG_WARN_ENUM_CONVERSION = YES;
				CLANG_WARN_INT_CONVERSION = YES;
				CLANG_WARN_OBJC_ROOT_CLASS = YES_ERROR;
				CLANG_WARN_UNREACHABLE_CODE = YES;
				CLANG_WARN__DUPLICATE_METHOD_MATCH = YES;
				"CODE_SIGN_IDENTITY[sdk=iphoneos*]" = "iPhone Developer";
				COPY_PHASE_STRIP = NO;
				DEBUG_INFORMATION_FORMAT = "dwarf-with-dsym";
				ENABLE_NS_ASSERTIONS = NO;
				ENABLE_STRICT_OBJC_MSGSEND = YES;
				GCC_C_LANGUAGE_STANDARD = gnu99;
				GCC_NO_COMMON_BLOCKS = YES;
				GCC_WARN_64_TO_32_BIT_CONVERSION = YES;
				GCC_WARN_ABOUT_RETURN_TYPE = YES_ERROR;
				GCC_WARN_UNDECLARED_SELECTOR = YES;
				GCC_WARN_UNINITIALIZED_AUTOS = YES_AGGRESSIVE;
				GCC_WARN_UNUSED_FUNCTION = YES;
				GCC_WARN_UNUSED_VARIABLE = YES;
				IPHONEOS_DEPLOYMENT_TARGET = 8.4;
				MTL_ENABLE_DEBUG_INFO = NO;
				SDKROOT = iphoneos;
				TARGETED_DEVICE_FAMILY = "1,2";
				VALIDATE_PRODUCT = YES;
			};
			name = Release;
		};
		F6E820501B941F86003E599E /* Debug */ = {
			isa = XCBuildConfiguration;
			buildSettings = {
				ASSETCATALOG_COMPILER_APPICON_NAME = AppIcon;
				INFOPLIST_FILE = Breakout/Info.plist;
				LD_RUNPATH_SEARCH_PATHS = "$(inherited) @executable_path/Frameworks";
				PRODUCT_NAME = "$(TARGET_NAME)";
			};
			name = Debug;
		};
		F6E820511B941F86003E599E /* Release */ = {
			isa = XCBuildConfiguration;
			buildSettings = {
				ASSETCATALOG_COMPILER_APPICON_NAME = AppIcon;
				INFOPLIST_FILE = Breakout/Info.plist;
				LD_RUNPATH_SEARCH_PATHS = "$(inherited) @executable_path/Frameworks";
				PRODUCT_NAME = "$(TARGET_NAME)";
			};
			name = Release;
		};
		F6E820531B941F86003E599E /* Debug */ = {
			isa = XCBuildConfiguration;
			buildSettings = {
				BUNDLE_LOADER = "$(TEST_HOST)";
				FRAMEWORK_SEARCH_PATHS = (
					"$(SDKROOT)/Developer/Library/Frameworks",
					"$(inherited)",
				);
				GCC_PREPROCESSOR_DEFINITIONS = (
					"DEBUG=1",
					"$(inherited)",
				);
				INFOPLIST_FILE = BreakoutTests/Info.plist;
				LD_RUNPATH_SEARCH_PATHS = "$(inherited) @executable_path/Frameworks @loader_path/Frameworks";
				PRODUCT_NAME = "$(TARGET_NAME)";
				TEST_HOST = "$(BUILT_PRODUCTS_DIR)/Breakout.app/Breakout";
			};
			name = Debug;
		};
		F6E820541B941F86003E599E /* Release */ = {
			isa = XCBuildConfiguration;
			buildSettings = {
				BUNDLE_LOADER = "$(TEST_HOST)";
				FRAMEWORK_SEARCH_PATHS = (
					"$(SDKROOT)/Developer/Library/Frameworks",
					"$(inherited)",
				);
				INFOPLIST_FILE = BreakoutTests/Info.plist;
				LD_RUNPATH_SEARCH_PATHS = "$(inherited) @executable_path/Frameworks @loader_path/Frameworks";
				PRODUCT_NAME = "$(TARGET_NAME)";
				TEST_HOST = "$(BUILT_PRODUCTS_DIR)/Breakout.app/Breakout";
			};
			name = Release;
		};
/* End XCBuildConfiguration section */

/* Begin XCConfigurationList section */
		F6E8202B1B941F85003E599E /* Build configuration list for PBXProject "Breakout" */ = {
			isa = XCConfigurationList;
			buildConfigurations = (
				F6E8204D1B941F86003E599E /* Debug */,
				F6E8204E1B941F86003E599E /* Release */,
			);
			defaultConfigurationIsVisible = 0;
			defaultConfigurationName = Release;
		};
		F6E8204F1B941F86003E599E /* Build configuration list for PBXNativeTarget "Breakout" */ = {
			isa = XCConfigurationList;
			buildConfigurations = (
				F6E820501B941F86003E599E /* Debug */,
				F6E820511B941F86003E599E /* Release */,
			);
			defaultConfigurationIsVisible = 0;
			defaultConfigurationName = Release;
		};
		F6E820521B941F86003E599E /* Build configuration list for PBXNativeTarget "BreakoutTests" */ = {
			isa = XCConfigurationList;
			buildConfigurations = (
				F6E820531B941F86003E599E /* Debug */,
				F6E820541B941F86003E599E /* Release */,
			);
			defaultConfigurationIsVisible = 0;
			defaultConfigurationName = Release;
		};
/* End XCConfigurationList section */
	};
	rootObject = F6E820281B941F85003E599E /* Project object */;
}
